
Microsoft Visual Studio Solution File, Format Version 12.00
# Visual Studio Version 16
VisualStudioVersion = 16.0.30804.86
MinimumVisualStudioVersion = 10.0.40219.1
Project("{9A19103F-16F7-4668-BE54-9A1E7A4F7556}") = "Emby.Plugin.PlaylistConverter", "src\Emby.Plugin.PlaylistConverter\Emby.Plugin.PlaylistConverter.csproj", "{6F5FFAE2-A8F6-42FA-8F8E-D17041A83930}"
EndProject
Project("{9A19103F-16F7-4668-BE54-9A1E7A4F7556}") = "Emby.Plugin.PlaylistConverter.UnitTests", "test\Emby.Plugin.PlaylistConverter.UnitTests\Emby.Plugin.PlaylistConverter.UnitTests.csproj", "{F7C600E8-AA12-4C2B-8FAD-51FF7EE21BF0}"
EndProject
Global
	GlobalSection(SolutionConfigurationPlatforms) = preSolution
		Debug|Any CPU = Debug|Any CPU
		Release|Any CPU = Release|Any CPU
	EndGlobalSection
	GlobalSection(ProjectConfigurationPlatforms) = postSolution
		{6F5FFAE2-A8F6-42FA-8F8E-D17041A83930}.Debug|Any CPU.ActiveCfg = Debug|Any CPU
		{6F5FFAE2-A8F6-42FA-8F8E-D17041A83930}.Debug|Any CPU.Build.0 = Debug|Any CPU
		{6F5FFAE2-A8F6-42FA-8F8E-D17041A83930}.Release|Any CPU.ActiveCfg = Release|Any CPU
		{6F5FFAE2-A8F6-42FA-8F8E-D17041A83930}.Release|Any CPU.Build.0 = Release|Any CPU
		{F7C600E8-AA12-4C2B-8FAD-51FF7EE21BF0}.Debug|Any CPU.ActiveCfg = Debug|Any CPU
		{F7C600E8-AA12-4C2B-8FAD-51FF7EE21BF0}.Debug|Any CPU.Build.0 = Debug|Any CPU
		{F7C600E8-AA12-4C2B-8FAD-51FF7EE21BF0}.Release|Any CPU.ActiveCfg = Release|Any CPU
		{F7C600E8-AA12-4C2B-8FAD-51FF7EE21BF0}.Release|Any CPU.Build.0 = Release|Any CPU
	EndGlobalSection
	GlobalSection(SolutionProperties) = preSolution
		HideSolutionNode = FALSE
	EndGlobalSection
	GlobalSection(ExtensibilityGlobals) = postSolution
		SolutionGuid = {66FFC239-5896-46F3-851A-44B966D960A0}
	EndGlobalSection
EndGlobal
